
Microsoft Visual Studio Solution File, Format Version 12.00
# Visual Studio Version 17
VisualStudioVersion = 17.6.33723.286
MinimumVisualStudioVersion = 10.0.40219.1
Project("{FAE04EC0-301F-11D3-BF4B-00C04F79EFBC}") = "Mybrower3", "Mybrower3.csproj", "{4D1E58D7-5DDE-4CC5-896F-B4C6EFF0370A}"
EndProject
Global
	GlobalSection(SolutionConfigurationPlatforms) = preSolution
		Debug|Any CPU = Debug|Any CPU
		Release|Any CPU = Release|Any CPU
	EndGlobalSection
	GlobalSection(ProjectConfigurationPlatforms) = postSolution
		{4D1E58D7-5DDE-4CC5-896F-B4C6EFF0370A}.Debug|Any CPU.ActiveCfg = Debug|Any CPU
		{4D1E58D7-5DDE-4CC5-896F-B4C6EFF0370A}.Debug|Any CPU.Build.0 = Debug|Any CPU
		{4D1E58D7-5DDE-4CC5-896F-B4C6EFF0370A}.Release|Any CPU.ActiveCfg = Release|Any CPU
		{4D1E58D7-5DDE-4CC5-896F-B4C6EFF0370A}.Release|Any CPU.Build.0 = Release|Any CPU
	EndGlobalSection
	GlobalSection(SolutionProperties) = preSolution
		HideSolutionNode = FALSE
	EndGlobalSection
	GlobalSection(ExtensibilityGlobals) = postSolution
		SolutionGuid = {32D8FC9A-BFA6-4737-A336-864C7D0D9422}
	EndGlobalSection
EndGlobal
